
Microsoft Visual Studio Solution File, Format Version 12.00
# Visual Studio Version 17
VisualStudioVersion = 17.9.34622.214
MinimumVisualStudioVersion = 10.0.40219.1
Project("{9A19103F-16F7-4668-BE54-9A1E7A4F7556}") = "FlowerSales.API", "FlowerSales.API.csproj", "{6AEC1364-5FD8-40CE-B3CF-0D39CD1AFE67}"
EndProject
Project("{FAE04EC0-301F-11D3-BF4B-00C04F79EFBC}") = "FlowerSales.WebApp", "..\FlowerSales.WebApp\FlowerSales.WebApp.csproj", "{9E2E5B35-671D-4FD5-9264-65106D0FD7E9}"
EndProject
Global
	GlobalSection(SolutionConfigurationPlatforms) = preSolution
		Debug|Any CPU = Debug|Any CPU
		Release|Any CPU = Release|Any CPU
	EndGlobalSection
	GlobalSection(ProjectConfigurationPlatforms) = postSolution
		{6AEC1364-5FD8-40CE-B3CF-0D39CD1AFE67}.Debug|Any CPU.ActiveCfg = Debug|Any CPU
		{6AEC1364-5FD8-40CE-B3CF-0D39CD1AFE67}.Debug|Any CPU.Build.0 = Debug|Any CPU
		{6AEC1364-5FD8-40CE-B3CF-0D39CD1AFE67}.Release|Any CPU.ActiveCfg = Release|Any CPU
		{6AEC1364-5FD8-40CE-B3CF-0D39CD1AFE67}.Release|Any CPU.Build.0 = Release|Any CPU
		{9E2E5B35-671D-4FD5-9264-65106D0FD7E9}.Debug|Any CPU.ActiveCfg = Debug|Any CPU
		{9E2E5B35-671D-4FD5-9264-65106D0FD7E9}.Debug|Any CPU.Build.0 = Debug|Any CPU
		{9E2E5B35-671D-4FD5-9264-65106D0FD7E9}.Release|Any CPU.ActiveCfg = Release|Any CPU
		{9E2E5B35-671D-4FD5-9264-65106D0FD7E9}.Release|Any CPU.Build.0 = Release|Any CPU
	EndGlobalSection
	GlobalSection(SolutionProperties) = preSolution
		HideSolutionNode = FALSE
	EndGlobalSection
	GlobalSection(ExtensibilityGlobals) = postSolution
		SolutionGuid = {EDF0843C-7EF6-4BD8-A086-41E65A8D3CEF}
	EndGlobalSection
EndGlobal
